
Microsoft Visual Studio Solution File, Format Version 12.00
# Visual Studio Version 17
VisualStudioVersion = 17.6.33620.401
MinimumVisualStudioVersion = 10.0.40219.1
Project("{9A19103F-16F7-4668-BE54-9A1E7A4F7556}") = "DubuTimeSync", "DubuTimeSync\DubuTimeSync.csproj", "{FF4779C0-28F6-4575-8AD6-BBA0D4ABE228}"
EndProject
Project("{FAE04EC0-301F-11D3-BF4B-00C04F79EFBC}") = "DubuTimeSyncLinux", "DubuTimeSyncLinux\DubuTimeSyncLinux.csproj", "{D2B0C03D-0FBE-4A67-9B89-C5C047ACA90C}"
EndProject
Global
	GlobalSection(SolutionConfigurationPlatforms) = preSolution
		Debug|Any CPU = Debug|Any CPU
		Release|Any CPU = Release|Any CPU
	EndGlobalSection
	GlobalSection(ProjectConfigurationPlatforms) = postSolution
		{FF4779C0-28F6-4575-8AD6-BBA0D4ABE228}.Debug|Any CPU.ActiveCfg = Debug|Any CPU
		{FF4779C0-28F6-4575-8AD6-BBA0D4ABE228}.Debug|Any CPU.Build.0 = Debug|Any CPU
		{FF4779C0-28F6-4575-8AD6-BBA0D4ABE228}.Release|Any CPU.ActiveCfg = Release|Any CPU
		{FF4779C0-28F6-4575-8AD6-BBA0D4ABE228}.Release|Any CPU.Build.0 = Release|Any CPU
		{D2B0C03D-0FBE-4A67-9B89-C5C047ACA90C}.Debug|Any CPU.ActiveCfg = Debug|Any CPU
		{D2B0C03D-0FBE-4A67-9B89-C5C047ACA90C}.Debug|Any CPU.Build.0 = Debug|Any CPU
		{D2B0C03D-0FBE-4A67-9B89-C5C047ACA90C}.Release|Any CPU.ActiveCfg = Release|Any CPU
		{D2B0C03D-0FBE-4A67-9B89-C5C047ACA90C}.Release|Any CPU.Build.0 = Release|Any CPU
	EndGlobalSection
	GlobalSection(SolutionProperties) = preSolution
		HideSolutionNode = FALSE
	EndGlobalSection
	GlobalSection(ExtensibilityGlobals) = postSolution
		SolutionGuid = {78667858-7FE7-409A-83AD-36BF35B335C4}
	EndGlobalSection
EndGlobal
